# This file is automatically @generated by Cargo.
# It is not intended for manual editing.
version = 3

[[package]]
name = "libc"
version = "0.2.108"
source = "registry+https://github.com/rust-lang/crates.io-index"
checksum = "8521a1b57e76b1ec69af7599e75e38e7b7fad6610f037db8c79b127201b5d119"

[[package]]
name = "libc-print"
version = "0.1.17"
source = "registry+https://github.com/rust-lang/crates.io-index"
checksum = "9ec0dfb72e36860b083690d6fa77bed63c99dcf0c897c893ec828ba4687380aa"
dependencies = [
 "libc",
]

[[package]]
name = "rust_no_std"
version = "0.1.0"
dependencies = [
 "libc",
 "libc-print",
]
